
Microsoft Visual Studio Solution File, Format Version 12.00
# Visual Studio 15
VisualStudioVersion = 15.0.27428.1
MinimumVisualStudioVersion = 10.0.40219.1
Project("{FAE04EC0-301F-11D3-BF4B-00C04F79EFBC}") = "RestSheep", "RestSheep\RestSheep.csproj", "{FBB8C81D-D82D-4D87-BF37-7D2C6694ECEB}"
EndProject
Global
	GlobalSection(SolutionConfigurationPlatforms) = preSolution
		Debug|Any CPU = Debug|Any CPU
		Release|Any CPU = Release|Any CPU
	EndGlobalSection
	GlobalSection(ProjectConfigurationPlatforms) = postSolution
		{FBB8C81D-D82D-4D87-BF37-7D2C6694ECEB}.Debug|Any CPU.ActiveCfg = Debug|Any CPU
		{FBB8C81D-D82D-4D87-BF37-7D2C6694ECEB}.Debug|Any CPU.Build.0 = Debug|Any CPU
		{FBB8C81D-D82D-4D87-BF37-7D2C6694ECEB}.Release|Any CPU.ActiveCfg = Release|Any CPU
		{FBB8C81D-D82D-4D87-BF37-7D2C6694ECEB}.Release|Any CPU.Build.0 = Release|Any CPU
	EndGlobalSection
	GlobalSection(SolutionProperties) = preSolution
		HideSolutionNode = FALSE
	EndGlobalSection
	GlobalSection(ExtensibilityGlobals) = postSolution
		SolutionGuid = {0286CE02-9E7E-4ECC-B595-36089CB2E78A}
	EndGlobalSection
EndGlobal
