
Microsoft Visual Studio Solution File, Format Version 12.00
# Visual Studio 15
VisualStudioVersion = 15.0.27428.1
MinimumVisualStudioVersion = 10.0.40219.1
Project("{9092AA53-FB77-4645-B42D-1CCCA6BD08BD}") = "RestSheep", "RestSheep\RestSheep.njsproj", "{0277EBB1-0D05-4CE1-9071-B7A641BEED19}"
EndProject
Global
	GlobalSection(SolutionConfigurationPlatforms) = preSolution
		Debug|Any CPU = Debug|Any CPU
		Release|Any CPU = Release|Any CPU
	EndGlobalSection
	GlobalSection(ProjectConfigurationPlatforms) = postSolution
		{0277EBB1-0D05-4CE1-9071-B7A641BEED19}.Debug|Any CPU.ActiveCfg = Debug|Any CPU
		{0277EBB1-0D05-4CE1-9071-B7A641BEED19}.Debug|Any CPU.Build.0 = Debug|Any CPU
		{0277EBB1-0D05-4CE1-9071-B7A641BEED19}.Release|Any CPU.ActiveCfg = Release|Any CPU
		{0277EBB1-0D05-4CE1-9071-B7A641BEED19}.Release|Any CPU.Build.0 = Release|Any CPU
	EndGlobalSection
	GlobalSection(SolutionProperties) = preSolution
		HideSolutionNode = FALSE
	EndGlobalSection
	GlobalSection(ExtensibilityGlobals) = postSolution
		SolutionGuid = {24E28397-B4BE-4512-8C7F-E949C3DD821D}
	EndGlobalSection
EndGlobal
